// !$*UTF8*$!
{
	archiveVersion = 1;
	classes = {
	};
	objectVersion = 56;
	objects = {

/* Begin PBXBuildFile section */
		C3DCAF1E2B1EBF4600CF40B9 /* AppDelegate.swift in Sources */ = {isa = PBXBuildFile; fileRef = C3DCAF1D2B1EBF4600CF40B9 /* AppDelegate.swift */; };
		C3DCAF202B1EBF4600CF40B9 /* SceneDelegate.swift in Sources */ = {isa = PBXBuildFile; fileRef = C3DCAF1F2B1EBF4600CF40B9 /* SceneDelegate.swift */; };
		C3DCAF272B1EBF4800CF40B9 /* Assets.xcassets in Resources */ = {isa = PBXBuildFile; fileRef = C3DCAF262B1EBF4800CF40B9 /* Assets.xcassets */; };
		C3DCAF2A2B1EBF4800CF40B9 /* LaunchScreen.storyboard in Resources */ = {isa = PBXBuildFile; fileRef = C3DCAF282B1EBF4800CF40B9 /* LaunchScreen.storyboard */; };
		C3EE7DD02B1ED54500DC64A1 /* FontStyle.swift in Sources */ = {isa = PBXBuildFile; fileRef = C3EE7DCF2B1ED54500DC64A1 /* FontStyle.swift */; };
		C3EE7DD22B1ED57300DC64A1 /* PaddingStyle.swift in Sources */ = {isa = PBXBuildFile; fileRef = C3EE7DD12B1ED57300DC64A1 /* PaddingStyle.swift */; };
		C3EE7DD62B1ED5B400DC64A1 /* MainVC.swift in Sources */ = {isa = PBXBuildFile; fileRef = C3EE7DD52B1ED5B400DC64A1 /* MainVC.swift */; };
		C3EE7DDB2B1ED5D200DC64A1 /* MainViewModel.swift in Sources */ = {isa = PBXBuildFile; fileRef = C3EE7DDA2B1ED5D200DC64A1 /* MainViewModel.swift */; };
		C3EE7DE72B1ED64600DC64A1 /* URLSessionProtocol.swift in Sources */ = {isa = PBXBuildFile; fileRef = C3EE7DE62B1ED64600DC64A1 /* URLSessionProtocol.swift */; };
		C3EE7DF02B1EDCEA00DC64A1 /* TabbarCategory.swift in Sources */ = {isa = PBXBuildFile; fileRef = C3EE7DEF2B1EDCEA00DC64A1 /* TabbarCategory.swift */; };
		C3EE7DF62B1EEA9700DC64A1 /* NetworkService.swift in Sources */ = {isa = PBXBuildFile; fileRef = C3EE7DF52B1EEA9700DC64A1 /* NetworkService.swift */; };
		C3EE7DF82B1EEAA100DC64A1 /* NetworkServiceProtocol.swift in Sources */ = {isa = PBXBuildFile; fileRef = C3EE7DF72B1EEAA100DC64A1 /* NetworkServiceProtocol.swift */; };
		C3EE7E002B1EEFF100DC64A1 /* BookListLoad.swift in Sources */ = {isa = PBXBuildFile; fileRef = C3EE7DFF2B1EEFF100DC64A1 /* BookListLoad.swift */; };
		C3EE7E052B1EF03B00DC64A1 /* BookListData.swift in Sources */ = {isa = PBXBuildFile; fileRef = C3EE7E042B1EF03B00DC64A1 /* BookListData.swift */; };
		C3EE7E082B1EF15C00DC64A1 /* URLRequestConfiguration.swift in Sources */ = {isa = PBXBuildFile; fileRef = C3EE7E072B1EF15C00DC64A1 /* URLRequestConfiguration.swift */; };
		C3EE7E102B1EF9A900DC64A1 /* MainTableViewCell.swift in Sources */ = {isa = PBXBuildFile; fileRef = C3EE7E0F2B1EF9A900DC64A1 /* MainTableViewCell.swift */; };
		C3EE7E132B1EFE4500DC64A1 /* StandardTableViewCell.swift in Sources */ = {isa = PBXBuildFile; fileRef = C3EE7E122B1EFE4500DC64A1 /* StandardTableViewCell.swift */; };
		C3EE7E1B2B1F1DE100DC64A1 /* UIView+.swift in Sources */ = {isa = PBXBuildFile; fileRef = C3EE7E1A2B1F1DE100DC64A1 /* UIView+.swift */; };
		F511477E3A8584DA95BCD4FC /* Pods_OnBoardingProject.framework in Frameworks */ = {isa = PBXBuildFile; fileRef = 698D0B01EEDB991075DBCB3C /* Pods_OnBoardingProject.framework */; };
/* End PBXBuildFile section */

/* Begin PBXFileReference section */
		07A6756F7AC4ACD11833C3AB /* Pods-OnBoardingProject.release.xcconfig */ = {isa = PBXFileReference; includeInIndex = 1; lastKnownFileType = text.xcconfig; name = "Pods-OnBoardingProject.release.xcconfig"; path = "Target Support Files/Pods-OnBoardingProject/Pods-OnBoardingProject.release.xcconfig"; sourceTree = "<group>"; };
		698D0B01EEDB991075DBCB3C /* Pods_OnBoardingProject.framework */ = {isa = PBXFileReference; explicitFileType = wrapper.framework; includeInIndex = 0; path = Pods_OnBoardingProject.framework; sourceTree = BUILT_PRODUCTS_DIR; };
		839EC1A2ED4322D675CD9A3B /* Pods-OnBoardingProject.debug.xcconfig */ = {isa = PBXFileReference; includeInIndex = 1; lastKnownFileType = text.xcconfig; name = "Pods-OnBoardingProject.debug.xcconfig"; path = "Target Support Files/Pods-OnBoardingProject/Pods-OnBoardingProject.debug.xcconfig"; sourceTree = "<group>"; };
		C3DCAF1A2B1EBF4600CF40B9 /* OnBoardingProject.app */ = {isa = PBXFileReference; explicitFileType = wrapper.application; includeInIndex = 0; path = OnBoardingProject.app; sourceTree = BUILT_PRODUCTS_DIR; };
		C3DCAF1D2B1EBF4600CF40B9 /* AppDelegate.swift */ = {isa = PBXFileReference; lastKnownFileType = sourcecode.swift; path = AppDelegate.swift; sourceTree = "<group>"; };
		C3DCAF1F2B1EBF4600CF40B9 /* SceneDelegate.swift */ = {isa = PBXFileReference; lastKnownFileType = sourcecode.swift; path = SceneDelegate.swift; sourceTree = "<group>"; };
		C3DCAF262B1EBF4800CF40B9 /* Assets.xcassets */ = {isa = PBXFileReference; lastKnownFileType = folder.assetcatalog; path = Assets.xcassets; sourceTree = "<group>"; };
		C3DCAF292B1EBF4800CF40B9 /* Base */ = {isa = PBXFileReference; lastKnownFileType = file.storyboard; name = Base; path = Base.lproj/LaunchScreen.storyboard; sourceTree = "<group>"; };
		C3DCAF2B2B1EBF4800CF40B9 /* Info.plist */ = {isa = PBXFileReference; lastKnownFileType = text.plist.xml; path = Info.plist; sourceTree = "<group>"; };
		C3EE7DCF2B1ED54500DC64A1 /* FontStyle.swift */ = {isa = PBXFileReference; lastKnownFileType = sourcecode.swift; path = FontStyle.swift; sourceTree = "<group>"; };
		C3EE7DD12B1ED57300DC64A1 /* PaddingStyle.swift */ = {isa = PBXFileReference; lastKnownFileType = sourcecode.swift; path = PaddingStyle.swift; sourceTree = "<group>"; };
		C3EE7DD52B1ED5B400DC64A1 /* MainVC.swift */ = {isa = PBXFileReference; lastKnownFileType = sourcecode.swift; path = MainVC.swift; sourceTree = "<group>"; };
		C3EE7DDA2B1ED5D200DC64A1 /* MainViewModel.swift */ = {isa = PBXFileReference; lastKnownFileType = sourcecode.swift; path = MainViewModel.swift; sourceTree = "<group>"; };
		C3EE7DE62B1ED64600DC64A1 /* URLSessionProtocol.swift */ = {isa = PBXFileReference; lastKnownFileType = sourcecode.swift; path = URLSessionProtocol.swift; sourceTree = "<group>"; };
		C3EE7DEF2B1EDCEA00DC64A1 /* TabbarCategory.swift */ = {isa = PBXFileReference; lastKnownFileType = sourcecode.swift; path = TabbarCategory.swift; sourceTree = "<group>"; };
		C3EE7DF52B1EEA9700DC64A1 /* NetworkService.swift */ = {isa = PBXFileReference; lastKnownFileType = sourcecode.swift; path = NetworkService.swift; sourceTree = "<group>"; };
		C3EE7DF72B1EEAA100DC64A1 /* NetworkServiceProtocol.swift */ = {isa = PBXFileReference; lastKnownFileType = sourcecode.swift; path = NetworkServiceProtocol.swift; sourceTree = "<group>"; };
		C3EE7DFF2B1EEFF100DC64A1 /* BookListLoad.swift */ = {isa = PBXFileReference; lastKnownFileType = sourcecode.swift; path = BookListLoad.swift; sourceTree = "<group>"; };
		C3EE7E042B1EF03B00DC64A1 /* BookListData.swift */ = {isa = PBXFileReference; lastKnownFileType = sourcecode.swift; path = BookListData.swift; sourceTree = "<group>"; };
		C3EE7E072B1EF15C00DC64A1 /* URLRequestConfiguration.swift */ = {isa = PBXFileReference; lastKnownFileType = sourcecode.swift; path = URLRequestConfiguration.swift; sourceTree = "<group>"; };
		C3EE7E0F2B1EF9A900DC64A1 /* MainTableViewCell.swift */ = {isa = PBXFileReference; lastKnownFileType = sourcecode.swift; path = MainTableViewCell.swift; sourceTree = "<group>"; };
		C3EE7E122B1EFE4500DC64A1 /* StandardTableViewCell.swift */ = {isa = PBXFileReference; lastKnownFileType = sourcecode.swift; path = StandardTableViewCell.swift; sourceTree = "<group>"; };
		C3EE7E1A2B1F1DE100DC64A1 /* UIView+.swift */ = {isa = PBXFileReference; lastKnownFileType = sourcecode.swift; path = "UIView+.swift"; sourceTree = "<group>"; };
/* End PBXFileReference section */

/* Begin PBXFrameworksBuildPhase section */
		C3DCAF172B1EBF4600CF40B9 /* Frameworks */ = {
			isa = PBXFrameworksBuildPhase;
			buildActionMask = 2147483647;
			files = (
				F511477E3A8584DA95BCD4FC /* Pods_OnBoardingProject.framework in Frameworks */,
			);
			runOnlyForDeploymentPostprocessing = 0;
		};
/* End PBXFrameworksBuildPhase section */

/* Begin PBXGroup section */
		0C4A85C1471A47492947CC36 /* Frameworks */ = {
			isa = PBXGroup;
			children = (
				698D0B01EEDB991075DBCB3C /* Pods_OnBoardingProject.framework */,
			);
			name = Frameworks;
			sourceTree = "<group>";
		};
		5BBE3C386C38F21375B31469 /* Pods */ = {
			isa = PBXGroup;
			children = (
				839EC1A2ED4322D675CD9A3B /* Pods-OnBoardingProject.debug.xcconfig */,
				07A6756F7AC4ACD11833C3AB /* Pods-OnBoardingProject.release.xcconfig */,
			);
			path = Pods;
			sourceTree = "<group>";
		};
		C3DCAF112B1EBF4600CF40B9 = {
			isa = PBXGroup;
			children = (
				C3DCAF1C2B1EBF4600CF40B9 /* OnBoardingProject */,
				C3DCAF1B2B1EBF4600CF40B9 /* Products */,
				5BBE3C386C38F21375B31469 /* Pods */,
				0C4A85C1471A47492947CC36 /* Frameworks */,
			);
			sourceTree = "<group>";
		};
		C3DCAF1B2B1EBF4600CF40B9 /* Products */ = {
			isa = PBXGroup;
			children = (
				C3DCAF1A2B1EBF4600CF40B9 /* OnBoardingProject.app */,
			);
			name = Products;
			sourceTree = "<group>";
		};
		C3DCAF1C2B1EBF4600CF40B9 /* OnBoardingProject */ = {
			isa = PBXGroup;
			children = (
				C3EE7E192B1F1DD700DC64A1 /* Extension */,
				C3EE7DC92B1ED4B000DC64A1 /* Application */,
				C3EE7DE82B1ED67700DC64A1 /* Presentation */,
				C3EE7DE12B1ED60000DC64A1 /* Networking */,
				C3EE7E012B1EEFF800DC64A1 /* Model */,
				C3EE7DE92B1ED6BE00DC64A1 /* Resource */,
				C3EE7DCB2B1ED4ED00DC64A1 /* CommonStyle */,
			);
			path = OnBoardingProject;
			sourceTree = "<group>";
		};
		C3EE7DC92B1ED4B000DC64A1 /* Application */ = {
			isa = PBXGroup;
			children = (
				C3DCAF1D2B1EBF4600CF40B9 /* AppDelegate.swift */,
				C3DCAF1F2B1EBF4600CF40B9 /* SceneDelegate.swift */,
				C3DCAF282B1EBF4800CF40B9 /* LaunchScreen.storyboard */,
				C3DCAF2B2B1EBF4800CF40B9 /* Info.plist */,
			);
			path = Application;
			sourceTree = "<group>";
		};
		C3EE7DCB2B1ED4ED00DC64A1 /* CommonStyle */ = {
			isa = PBXGroup;
			children = (
				C3EE7DCF2B1ED54500DC64A1 /* FontStyle.swift */,
				C3EE7DD12B1ED57300DC64A1 /* PaddingStyle.swift */,
				C3EE7E122B1EFE4500DC64A1 /* StandardTableViewCell.swift */,
			);
			path = CommonStyle;
			sourceTree = "<group>";
		};
		C3EE7DD32B1ED5A700DC64A1 /* Main */ = {
			isa = PBXGroup;
			children = (
				C3EE7E0E2B1EF96C00DC64A1 /* View */,
				C3EE7DD72B1ED5B700DC64A1 /* ViewModel */,
				C3EE7DD42B1ED5AF00DC64A1 /* VC */,
			);
			path = Main;
			sourceTree = "<group>";
		};
		C3EE7DD42B1ED5AF00DC64A1 /* VC */ = {
			isa = PBXGroup;
			children = (
				C3EE7DD52B1ED5B400DC64A1 /* MainVC.swift */,
			);
			path = VC;
			sourceTree = "<group>";
		};
		C3EE7DD72B1ED5B700DC64A1 /* ViewModel */ = {
			isa = PBXGroup;
			children = (
				C3EE7DDA2B1ED5D200DC64A1 /* MainViewModel.swift */,
			);
			path = ViewModel;
			sourceTree = "<group>";
		};
		C3EE7DE12B1ED60000DC64A1 /* Networking */ = {
			isa = PBXGroup;
			children = (
				C3EE7E062B1EF10900DC64A1 /* BookListLoad */,
				C3EE7DE22B1ED60600DC64A1 /* NetworkService */,
			);
			path = Networking;
			sourceTree = "<group>";
		};
		C3EE7DE22B1ED60600DC64A1 /* NetworkService */ = {
			isa = PBXGroup;
			children = (
				C3EE7DFB2B1EEF5000DC64A1 /* Entity */,
				C3EE7DE32B1ED60F00DC64A1 /* Protocol */,
				C3EE7DF52B1EEA9700DC64A1 /* NetworkService.swift */,
			);
			path = NetworkService;
			sourceTree = "<group>";
		};
		C3EE7DE32B1ED60F00DC64A1 /* Protocol */ = {
			isa = PBXGroup;
			children = (
				C3EE7DE62B1ED64600DC64A1 /* URLSessionProtocol.swift */,
				C3EE7DF72B1EEAA100DC64A1 /* NetworkServiceProtocol.swift */,
			);
			path = Protocol;
			sourceTree = "<group>";
		};
		C3EE7DE82B1ED67700DC64A1 /* Presentation */ = {
			isa = PBXGroup;
			children = (
				C3EE7E182B1F0DA000DC64A1 /* Tabbar */,
				C3EE7DD32B1ED5A700DC64A1 /* Main */,
			);
			path = Presentation;
			sourceTree = "<group>";
		};
		C3EE7DE92B1ED6BE00DC64A1 /* Resource */ = {
			isa = PBXGroup;
			children = (
				C3DCAF262B1EBF4800CF40B9 /* Assets.xcassets */,
			);
			path = Resource;
			sourceTree = "<group>";
		};
		C3EE7DFB2B1EEF5000DC64A1 /* Entity */ = {
			isa = PBXGroup;
			children = (
				C3EE7E072B1EF15C00DC64A1 /* URLRequestConfiguration.swift */,
			);
			path = Entity;
			sourceTree = "<group>";
		};
		C3EE7E012B1EEFF800DC64A1 /* Model */ = {
			isa = PBXGroup;
			children = (
				C3EE7E042B1EF03B00DC64A1 /* BookListData.swift */,
			);
			path = Model;
			sourceTree = "<group>";
		};
		C3EE7E062B1EF10900DC64A1 /* BookListLoad */ = {
			isa = PBXGroup;
			children = (
				C3EE7DFF2B1EEFF100DC64A1 /* BookListLoad.swift */,
			);
			path = BookListLoad;
			sourceTree = "<group>";
		};
		C3EE7E0E2B1EF96C00DC64A1 /* View */ = {
			isa = PBXGroup;
			children = (
				C3EE7E0F2B1EF9A900DC64A1 /* MainTableViewCell.swift */,
			);
			path = View;
			sourceTree = "<group>";
		};
		C3EE7E182B1F0DA000DC64A1 /* Tabbar */ = {
			isa = PBXGroup;
			children = (
				C3EE7DEF2B1EDCEA00DC64A1 /* TabbarCategory.swift */,
			);
			path = Tabbar;
			sourceTree = "<group>";
		};
		C3EE7E192B1F1DD700DC64A1 /* Extension */ = {
			isa = PBXGroup;
			children = (
				C3EE7E1A2B1F1DE100DC64A1 /* UIView+.swift */,
			);
			path = Extension;
			sourceTree = "<group>";
		};
/* End PBXGroup section */

/* Begin PBXNativeTarget section */
		C3DCAF192B1EBF4600CF40B9 /* OnBoardingProject */ = {
			isa = PBXNativeTarget;
			buildConfigurationList = C3DCAF2E2B1EBF4800CF40B9 /* Build configuration list for PBXNativeTarget "OnBoardingProject" */;
			buildPhases = (
				167DD05CB749848487ADA478 /* [CP] Check Pods Manifest.lock */,
				C3DCAF162B1EBF4600CF40B9 /* Sources */,
				C3DCAF172B1EBF4600CF40B9 /* Frameworks */,
				C3DCAF182B1EBF4600CF40B9 /* Resources */,
				8539202723E6DA1054416080 /* [CP] Embed Pods Frameworks */,
			);
			buildRules = (
			);
			dependencies = (
			);
			name = OnBoardingProject;
			productName = OnBoardingProject;
			productReference = C3DCAF1A2B1EBF4600CF40B9 /* OnBoardingProject.app */;
			productType = "com.apple.product-type.application";
		};
/* End PBXNativeTarget section */

/* Begin PBXProject section */
		C3DCAF122B1EBF4600CF40B9 /* Project object */ = {
			isa = PBXProject;
			attributes = {
				BuildIndependentTargetsInParallel = 1;
				LastSwiftUpdateCheck = 1500;
				LastUpgradeCheck = 1500;
				TargetAttributes = {
					C3DCAF192B1EBF4600CF40B9 = {
						CreatedOnToolsVersion = 15.0.1;
					};
				};
			};
			buildConfigurationList = C3DCAF152B1EBF4600CF40B9 /* Build configuration list for PBXProject "OnBoardingProject" */;
			compatibilityVersion = "Xcode 14.0";
			developmentRegion = en;
			hasScannedForEncodings = 0;
			knownRegions = (
				en,
				Base,
			);
			mainGroup = C3DCAF112B1EBF4600CF40B9;
			productRefGroup = C3DCAF1B2B1EBF4600CF40B9 /* Products */;
			projectDirPath = "";
			projectRoot = "";
			targets = (
				C3DCAF192B1EBF4600CF40B9 /* OnBoardingProject */,
			);
		};
/* End PBXProject section */

/* Begin PBXResourcesBuildPhase section */
		C3DCAF182B1EBF4600CF40B9 /* Resources */ = {
			isa = PBXResourcesBuildPhase;
			buildActionMask = 2147483647;
			files = (
				C3DCAF2A2B1EBF4800CF40B9 /* LaunchScreen.storyboard in Resources */,
				C3DCAF272B1EBF4800CF40B9 /* Assets.xcassets in Resources */,
			);
			runOnlyForDeploymentPostprocessing = 0;
		};
/* End PBXResourcesBuildPhase section */

/* Begin PBXShellScriptBuildPhase section */
		167DD05CB749848487ADA478 /* [CP] Check Pods Manifest.lock */ = {
			isa = PBXShellScriptBuildPhase;
			buildActionMask = 2147483647;
			files = (
			);
			inputFileListPaths = (
			);
			inputPaths = (
				"${PODS_PODFILE_DIR_PATH}/Podfile.lock",
				"${PODS_ROOT}/Manifest.lock",
			);
			name = "[CP] Check Pods Manifest.lock";
			outputFileListPaths = (
			);
			outputPaths = (
				"$(DERIVED_FILE_DIR)/Pods-OnBoardingProject-checkManifestLockResult.txt",
			);
			runOnlyForDeploymentPostprocessing = 0;
			shellPath = /bin/sh;
			shellScript = "diff \"${PODS_PODFILE_DIR_PATH}/Podfile.lock\" \"${PODS_ROOT}/Manifest.lock\" > /dev/null\nif [ $? != 0 ] ; then\n    # print error to STDERR\n    echo \"error: The sandbox is not in sync with the Podfile.lock. Run 'pod install' or update your CocoaPods installation.\" >&2\n    exit 1\nfi\n# This output is used by Xcode 'outputs' to avoid re-running this script phase.\necho \"SUCCESS\" > \"${SCRIPT_OUTPUT_FILE_0}\"\n";
			showEnvVarsInLog = 0;
		};
		8539202723E6DA1054416080 /* [CP] Embed Pods Frameworks */ = {
			isa = PBXShellScriptBuildPhase;
			buildActionMask = 2147483647;
			files = (
			);
			inputFileListPaths = (
				"${PODS_ROOT}/Target Support Files/Pods-OnBoardingProject/Pods-OnBoardingProject-frameworks-${CONFIGURATION}-input-files.xcfilelist",
			);
			name = "[CP] Embed Pods Frameworks";
			outputFileListPaths = (
				"${PODS_ROOT}/Target Support Files/Pods-OnBoardingProject/Pods-OnBoardingProject-frameworks-${CONFIGURATION}-output-files.xcfilelist",
			);
			runOnlyForDeploymentPostprocessing = 0;
			shellPath = /bin/sh;
			shellScript = "\"${PODS_ROOT}/Target Support Files/Pods-OnBoardingProject/Pods-OnBoardingProject-frameworks.sh\"\n";
			showEnvVarsInLog = 0;
		};
/* End PBXShellScriptBuildPhase section */

/* Begin PBXSourcesBuildPhase section */
		C3DCAF162B1EBF4600CF40B9 /* Sources */ = {
			isa = PBXSourcesBuildPhase;
			buildActionMask = 2147483647;
			files = (
				C3EE7DF02B1EDCEA00DC64A1 /* TabbarCategory.swift in Sources */,
				C3EE7E132B1EFE4500DC64A1 /* StandardTableViewCell.swift in Sources */,
				C3EE7E002B1EEFF100DC64A1 /* BookListLoad.swift in Sources */,
				C3EE7DE72B1ED64600DC64A1 /* URLSessionProtocol.swift in Sources */,
				C3EE7DDB2B1ED5D200DC64A1 /* MainViewModel.swift in Sources */,
				C3EE7E082B1EF15C00DC64A1 /* URLRequestConfiguration.swift in Sources */,
				C3EE7E052B1EF03B00DC64A1 /* BookListData.swift in Sources */,
				C3EE7DF82B1EEAA100DC64A1 /* NetworkServiceProtocol.swift in Sources */,
				C3DCAF1E2B1EBF4600CF40B9 /* AppDelegate.swift in Sources */,
				C3EE7DD62B1ED5B400DC64A1 /* MainVC.swift in Sources */,
				C3DCAF202B1EBF4600CF40B9 /* SceneDelegate.swift in Sources */,
				C3EE7DF62B1EEA9700DC64A1 /* NetworkService.swift in Sources */,
				C3EE7E1B2B1F1DE100DC64A1 /* UIView+.swift in Sources */,
				C3EE7DD02B1ED54500DC64A1 /* FontStyle.swift in Sources */,
				C3EE7E102B1EF9A900DC64A1 /* MainTableViewCell.swift in Sources */,
				C3EE7DD22B1ED57300DC64A1 /* PaddingStyle.swift in Sources */,
			);
			runOnlyForDeploymentPostprocessing = 0;
		};
/* End PBXSourcesBuildPhase section */

/* Begin PBXVariantGroup section */
		C3DCAF282B1EBF4800CF40B9 /* LaunchScreen.storyboard */ = {
			isa = PBXVariantGroup;
			children = (
				C3DCAF292B1EBF4800CF40B9 /* Base */,
			);
			name = LaunchScreen.storyboard;
			sourceTree = "<group>";
		};
/* End PBXVariantGroup section */

/* Begin XCBuildConfiguration section */
		C3DCAF2C2B1EBF4800CF40B9 /* Debug */ = {
			isa = XCBuildConfiguration;
			buildSettings = {
				ALWAYS_SEARCH_USER_PATHS = NO;
				ASSETCATALOG_COMPILER_GENERATE_SWIFT_ASSET_SYMBOL_EXTENSIONS = YES;
				CLANG_ANALYZER_NONNULL = YES;
				CLANG_ANALYZER_NUMBER_OBJECT_CONVERSION = YES_AGGRESSIVE;
				CLANG_CXX_LANGUAGE_STANDARD = "gnu++20";
				CLANG_ENABLE_MODULES = YES;
				CLANG_ENABLE_OBJC_ARC = YES;
				CLANG_ENABLE_OBJC_WEAK = YES;
				CLANG_WARN_BLOCK_CAPTURE_AUTORELEASING = YES;
				CLANG_WARN_BOOL_CONVERSION = YES;
				CLANG_WARN_COMMA = YES;
				CLANG_WARN_CONSTANT_CONVERSION = YES;
				CLANG_WARN_DEPRECATED_OBJC_IMPLEMENTATIONS = YES;
				CLANG_WARN_DIRECT_OBJC_ISA_USAGE = YES_ERROR;
				CLANG_WARN_DOCUMENTATION_COMMENTS = YES;
				CLANG_WARN_EMPTY_BODY = YES;
				CLANG_WARN_ENUM_CONVERSION = YES;
				CLANG_WARN_INFINITE_RECURSION = YES;
				CLANG_WARN_INT_CONVERSION = YES;
				CLANG_WARN_NON_LITERAL_NULL_CONVERSION = YES;
				CLANG_WARN_OBJC_IMPLICIT_RETAIN_SELF = YES;
				CLANG_WARN_OBJC_LITERAL_CONVERSION = YES;
				CLANG_WARN_OBJC_ROOT_CLASS = YES_ERROR;
				CLANG_WARN_QUOTED_INCLUDE_IN_FRAMEWORK_HEADER = YES;
				CLANG_WARN_RANGE_LOOP_ANALYSIS = YES;
				CLANG_WARN_STRICT_PROTOTYPES = YES;
				CLANG_WARN_SUSPICIOUS_MOVE = YES;
				CLANG_WARN_UNGUARDED_AVAILABILITY = YES_AGGRESSIVE;
				CLANG_WARN_UNREACHABLE_CODE = YES;
				CLANG_WARN__DUPLICATE_METHOD_MATCH = YES;
				COPY_PHASE_STRIP = NO;
				DEBUG_INFORMATION_FORMAT = dwarf;
				ENABLE_STRICT_OBJC_MSGSEND = YES;
				ENABLE_TESTABILITY = YES;
				ENABLE_USER_SCRIPT_SANDBOXING = NO;
				GCC_C_LANGUAGE_STANDARD = gnu17;
				GCC_DYNAMIC_NO_PIC = NO;
				GCC_NO_COMMON_BLOCKS = YES;
				GCC_OPTIMIZATION_LEVEL = 0;
				GCC_PREPROCESSOR_DEFINITIONS = (
					"DEBUG=1",
					"$(inherited)",
				);
				GCC_WARN_64_TO_32_BIT_CONVERSION = YES;
				GCC_WARN_ABOUT_RETURN_TYPE = YES_ERROR;
				GCC_WARN_UNDECLARED_SELECTOR = YES;
				GCC_WARN_UNINITIALIZED_AUTOS = YES_AGGRESSIVE;
				GCC_WARN_UNUSED_FUNCTION = YES;
				GCC_WARN_UNUSED_VARIABLE = YES;
				IPHONEOS_DEPLOYMENT_TARGET = 17.0;
				LOCALIZATION_PREFERS_STRING_CATALOGS = YES;
				MTL_ENABLE_DEBUG_INFO = INCLUDE_SOURCE;
				MTL_FAST_MATH = YES;
				ONLY_ACTIVE_ARCH = YES;
				SDKROOT = iphoneos;
				SWIFT_ACTIVE_COMPILATION_CONDITIONS = "DEBUG $(inherited)";
				SWIFT_OPTIMIZATION_LEVEL = "-Onone";
			};
			name = Debug;
		};
		C3DCAF2D2B1EBF4800CF40B9 /* Release */ = {
			isa = XCBuildConfiguration;
			buildSettings = {
				ALWAYS_SEARCH_USER_PATHS = NO;
				ASSETCATALOG_COMPILER_GENERATE_SWIFT_ASSET_SYMBOL_EXTENSIONS = YES;
				CLANG_ANALYZER_NONNULL = YES;
				CLANG_ANALYZER_NUMBER_OBJECT_CONVERSION = YES_AGGRESSIVE;
				CLANG_CXX_LANGUAGE_STANDARD = "gnu++20";
				CLANG_ENABLE_MODULES = YES;
				CLANG_ENABLE_OBJC_ARC = YES;
				CLANG_ENABLE_OBJC_WEAK = YES;
				CLANG_WARN_BLOCK_CAPTURE_AUTORELEASING = YES;
				CLANG_WARN_BOOL_CONVERSION = YES;
				CLANG_WARN_COMMA = YES;
				CLANG_WARN_CONSTANT_CONVERSION = YES;
				CLANG_WARN_DEPRECATED_OBJC_IMPLEMENTATIONS = YES;
				CLANG_WARN_DIRECT_OBJC_ISA_USAGE = YES_ERROR;
				CLANG_WARN_DOCUMENTATION_COMMENTS = YES;
				CLANG_WARN_EMPTY_BODY = YES;
				CLANG_WARN_ENUM_CONVERSION = YES;
				CLANG_WARN_INFINITE_RECURSION = YES;
				CLANG_WARN_INT_CONVERSION = YES;
				CLANG_WARN_NON_LITERAL_NULL_CONVERSION = YES;
				CLANG_WARN_OBJC_IMPLICIT_RETAIN_SELF = YES;
				CLANG_WARN_OBJC_LITERAL_CONVERSION = YES;
				CLANG_WARN_OBJC_ROOT_CLASS = YES_ERROR;
				CLANG_WARN_QUOTED_INCLUDE_IN_FRAMEWORK_HEADER = YES;
				CLANG_WARN_RANGE_LOOP_ANALYSIS = YES;
				CLANG_WARN_STRICT_PROTOTYPES = YES;
				CLANG_WARN_SUSPICIOUS_MOVE = YES;
				CLANG_WARN_UNGUARDED_AVAILABILITY = YES_AGGRESSIVE;
				CLANG_WARN_UNREACHABLE_CODE = YES;
				CLANG_WARN__DUPLICATE_METHOD_MATCH = YES;
				COPY_PHASE_STRIP = NO;
				DEBUG_INFORMATION_FORMAT = "dwarf-with-dsym";
				ENABLE_NS_ASSERTIONS = NO;
				ENABLE_STRICT_OBJC_MSGSEND = YES;
				ENABLE_USER_SCRIPT_SANDBOXING = NO;
				GCC_C_LANGUAGE_STANDARD = gnu17;
				GCC_NO_COMMON_BLOCKS = YES;
				GCC_WARN_64_TO_32_BIT_CONVERSION = YES;
				GCC_WARN_ABOUT_RETURN_TYPE = YES_ERROR;
				GCC_WARN_UNDECLARED_SELECTOR = YES;
				GCC_WARN_UNINITIALIZED_AUTOS = YES_AGGRESSIVE;
				GCC_WARN_UNUSED_FUNCTION = YES;
				GCC_WARN_UNUSED_VARIABLE = YES;
				IPHONEOS_DEPLOYMENT_TARGET = 17.0;
				LOCALIZATION_PREFERS_STRING_CATALOGS = YES;
				MTL_ENABLE_DEBUG_INFO = NO;
				MTL_FAST_MATH = YES;
				SDKROOT = iphoneos;
				SWIFT_COMPILATION_MODE = wholemodule;
				VALIDATE_PRODUCT = YES;
			};
			name = Release;
		};
		C3DCAF2F2B1EBF4800CF40B9 /* Debug */ = {
			isa = XCBuildConfiguration;
			baseConfigurationReference = 839EC1A2ED4322D675CD9A3B /* Pods-OnBoardingProject.debug.xcconfig */;
			buildSettings = {
				ASSETCATALOG_COMPILER_APPICON_NAME = AppIcon;
				ASSETCATALOG_COMPILER_GLOBAL_ACCENT_COLOR_NAME = AccentColor;
				CODE_SIGN_STYLE = Automatic;
				CURRENT_PROJECT_VERSION = 1;
				GENERATE_INFOPLIST_FILE = YES;
				INFOPLIST_FILE = OnBoardingProject/Application/Info.plist;
				INFOPLIST_KEY_UIApplicationSupportsIndirectInputEvents = YES;
				INFOPLIST_KEY_UILaunchStoryboardName = LaunchScreen;
				INFOPLIST_KEY_UISupportedInterfaceOrientations = UIInterfaceOrientationPortrait;
				INFOPLIST_KEY_UISupportedInterfaceOrientations_iPad = "UIInterfaceOrientationLandscapeLeft UIInterfaceOrientationLandscapeRight UIInterfaceOrientationPortrait UIInterfaceOrientationPortraitUpsideDown";
				IPHONEOS_DEPLOYMENT_TARGET = 14.0;
				LD_RUNPATH_SEARCH_PATHS = (
					"$(inherited)",
					"@executable_path/Frameworks",
				);
				MARKETING_VERSION = 1.0;
				PRODUCT_BUNDLE_IDENTIFIER = com.onboarding.OnBoardingProject;
				PRODUCT_NAME = "$(TARGET_NAME)";
				SUPPORTED_PLATFORMS = "iphoneos iphonesimulator";
				SUPPORTS_MACCATALYST = NO;
				SUPPORTS_MAC_DESIGNED_FOR_IPHONE_IPAD = NO;
				SWIFT_EMIT_LOC_STRINGS = YES;
				SWIFT_VERSION = 5.0;
				TARGETED_DEVICE_FAMILY = 1;
			};
			name = Debug;
		};
		C3DCAF302B1EBF4800CF40B9 /* Release */ = {
			isa = XCBuildConfiguration;
			baseConfigurationReference = 07A6756F7AC4ACD11833C3AB /* Pods-OnBoardingProject.release.xcconfig */;
			buildSettings = {
				ASSETCATALOG_COMPILER_APPICON_NAME = AppIcon;
				ASSETCATALOG_COMPILER_GLOBAL_ACCENT_COLOR_NAME = AccentColor;
				CODE_SIGN_STYLE = Automatic;
				CURRENT_PROJECT_VERSION = 1;
				GENERATE_INFOPLIST_FILE = YES;
				INFOPLIST_FILE = OnBoardingProject/Application/Info.plist;
				INFOPLIST_KEY_UIApplicationSupportsIndirectInputEvents = YES;
				INFOPLIST_KEY_UILaunchStoryboardName = LaunchScreen;
				INFOPLIST_KEY_UISupportedInterfaceOrientations = UIInterfaceOrientationPortrait;
				INFOPLIST_KEY_UISupportedInterfaceOrientations_iPad = "UIInterfaceOrientationLandscapeLeft UIInterfaceOrientationLandscapeRight UIInterfaceOrientationPortrait UIInterfaceOrientationPortraitUpsideDown";
				IPHONEOS_DEPLOYMENT_TARGET = 14.0;
				LD_RUNPATH_SEARCH_PATHS = (
					"$(inherited)",
					"@executable_path/Frameworks",
				);
				MARKETING_VERSION = 1.0;
				PRODUCT_BUNDLE_IDENTIFIER = com.onboarding.OnBoardingProject;
				PRODUCT_NAME = "$(TARGET_NAME)";
				SUPPORTED_PLATFORMS = "iphoneos iphonesimulator";
				SUPPORTS_MACCATALYST = NO;
				SUPPORTS_MAC_DESIGNED_FOR_IPHONE_IPAD = NO;
				SWIFT_EMIT_LOC_STRINGS = YES;
				SWIFT_VERSION = 5.0;
				TARGETED_DEVICE_FAMILY = 1;
			};
			name = Release;
		};
/* End XCBuildConfiguration section */

/* Begin XCConfigurationList section */
		C3DCAF152B1EBF4600CF40B9 /* Build configuration list for PBXProject "OnBoardingProject" */ = {
			isa = XCConfigurationList;
			buildConfigurations = (
				C3DCAF2C2B1EBF4800CF40B9 /* Debug */,
				C3DCAF2D2B1EBF4800CF40B9 /* Release */,
			);
			defaultConfigurationIsVisible = 0;
			defaultConfigurationName = Release;
		};
		C3DCAF2E2B1EBF4800CF40B9 /* Build configuration list for PBXNativeTarget "OnBoardingProject" */ = {
			isa = XCConfigurationList;
			buildConfigurations = (
				C3DCAF2F2B1EBF4800CF40B9 /* Debug */,
				C3DCAF302B1EBF4800CF40B9 /* Release */,
			);
			defaultConfigurationIsVisible = 0;
			defaultConfigurationName = Release;
		};
/* End XCConfigurationList section */
	};
	rootObject = C3DCAF122B1EBF4600CF40B9 /* Project object */;
}
