// !$*UTF8*$!
{
	archiveVersion = 1;
	classes = {
	};
	objectVersion = 56;
	objects = {

/* Begin PBXBuildFile section */
		C32DE16F2B22A0D0007DAC84 /* MainTableView.swift in Sources */ = {isa = PBXBuildFile; fileRef = C32DE16E2B22A0D0007DAC84 /* MainTableView.swift */; };
		C32DE1722B22A332007DAC84 /* DetailView.swift in Sources */ = {isa = PBXBuildFile; fileRef = C32DE1712B22A332007DAC84 /* DetailView.swift */; };
		C32DE1742B22D13A007DAC84 /* DetailLoadingView.swift in Sources */ = {isa = PBXBuildFile; fileRef = C32DE1732B22D13A007DAC84 /* DetailLoadingView.swift */; };
		C32DE1782B22FF11007DAC84 /* NetworkingError.swift in Sources */ = {isa = PBXBuildFile; fileRef = C32DE1772B22FF11007DAC84 /* NetworkingError.swift */; };
		C32DE17A2B269C10007DAC84 /* UIStackView+.swift in Sources */ = {isa = PBXBuildFile; fileRef = C32DE1792B269C10007DAC84 /* UIStackView+.swift */; };
		C32DE17D2B269D2E007DAC84 /* WebView.swift in Sources */ = {isa = PBXBuildFile; fileRef = C32DE17C2B269D2E007DAC84 /* WebView.swift */; };
		C32DE17F2B269D41007DAC84 /* WebViewController.swift in Sources */ = {isa = PBXBuildFile; fileRef = C32DE17E2B269D41007DAC84 /* WebViewController.swift */; };
		C32DE1842B269F2F007DAC84 /* WebViewModel.swift in Sources */ = {isa = PBXBuildFile; fileRef = C32DE1832B269F2F007DAC84 /* WebViewModel.swift */; };
		C33DE1622B32AD2800B20B93 /* AppStep.swift in Sources */ = {isa = PBXBuildFile; fileRef = C33DE1612B32AD2800B20B93 /* AppStep.swift */; };
		C33DE1652B32AF5800B20B93 /* AppFlow.swift in Sources */ = {isa = PBXBuildFile; fileRef = C33DE1642B32AF5800B20B93 /* AppFlow.swift */; };
		C33DE1672B32AFE900B20B93 /* MainFlow.swift in Sources */ = {isa = PBXBuildFile; fileRef = C33DE1662B32AFE900B20B93 /* MainFlow.swift */; };
		C33DE1692B32AFEE00B20B93 /* SearchFlow.swift in Sources */ = {isa = PBXBuildFile; fileRef = C33DE1682B32AFEE00B20B93 /* SearchFlow.swift */; };
		C33DE16B2B32B1A600B20B93 /* OnboardingFlow.swift in Sources */ = {isa = PBXBuildFile; fileRef = C33DE16A2B32B1A600B20B93 /* OnboardingFlow.swift */; };
		C33DE16E2B32B57900B20B93 /* AppStepper.swift in Sources */ = {isa = PBXBuildFile; fileRef = C33DE16D2B32B57900B20B93 /* AppStepper.swift */; };
		C33DE1702B32B89E00B20B93 /* DetailFlow.swift in Sources */ = {isa = PBXBuildFile; fileRef = C33DE16F2B32B89E00B20B93 /* DetailFlow.swift */; };
		C33DE1722B32BC0A00B20B93 /* WebViewFlow.swift in Sources */ = {isa = PBXBuildFile; fileRef = C33DE1712B32BC0A00B20B93 /* WebViewFlow.swift */; };
		C33DE1742B32C23F00B20B93 /* Flow+.swift in Sources */ = {isa = PBXBuildFile; fileRef = C33DE1732B32C23F00B20B93 /* Flow+.swift */; };
		C392FF4A2B33D25D006A679B /* ViewModel.swift in Sources */ = {isa = PBXBuildFile; fileRef = C392FF492B33D25D006A679B /* ViewModel.swift */; };
		C392FF4C2B33D2F6006A679B /* ViewModelType.swift in Sources */ = {isa = PBXBuildFile; fileRef = C392FF4B2B33D2F6006A679B /* ViewModelType.swift */; };
		C392FF4E2B340E12006A679B /* UserDefaultCategory.swift in Sources */ = {isa = PBXBuildFile; fileRef = C392FF4D2B340E12006A679B /* UserDefaultCategory.swift */; };
		C3D28F592B2C3C60001245DD /* SearchTableView.swift in Sources */ = {isa = PBXBuildFile; fileRef = C3D28F582B2C3C60001245DD /* SearchTableView.swift */; };
		C3DCAF1E2B1EBF4600CF40B9 /* AppDelegate.swift in Sources */ = {isa = PBXBuildFile; fileRef = C3DCAF1D2B1EBF4600CF40B9 /* AppDelegate.swift */; };
		C3DCAF202B1EBF4600CF40B9 /* SceneDelegate.swift in Sources */ = {isa = PBXBuildFile; fileRef = C3DCAF1F2B1EBF4600CF40B9 /* SceneDelegate.swift */; };
		C3DCAF272B1EBF4800CF40B9 /* Assets.xcassets in Resources */ = {isa = PBXBuildFile; fileRef = C3DCAF262B1EBF4800CF40B9 /* Assets.xcassets */; };
		C3DCAF2A2B1EBF4800CF40B9 /* LaunchScreen.storyboard in Resources */ = {isa = PBXBuildFile; fileRef = C3DCAF282B1EBF4800CF40B9 /* LaunchScreen.storyboard */; };
		C3EE7DD02B1ED54500DC64A1 /* FontStyle.swift in Sources */ = {isa = PBXBuildFile; fileRef = C3EE7DCF2B1ED54500DC64A1 /* FontStyle.swift */; };
		C3EE7DD62B1ED5B400DC64A1 /* MainViewController.swift in Sources */ = {isa = PBXBuildFile; fileRef = C3EE7DD52B1ED5B400DC64A1 /* MainViewController.swift */; };
		C3EE7DDB2B1ED5D200DC64A1 /* MainViewModel.swift in Sources */ = {isa = PBXBuildFile; fileRef = C3EE7DDA2B1ED5D200DC64A1 /* MainViewModel.swift */; };
		C3EE7DF02B1EDCEA00DC64A1 /* TabbarCategory.swift in Sources */ = {isa = PBXBuildFile; fileRef = C3EE7DEF2B1EDCEA00DC64A1 /* TabbarCategory.swift */; };
		C3EE7DF62B1EEA9700DC64A1 /* NetworkService.swift in Sources */ = {isa = PBXBuildFile; fileRef = C3EE7DF52B1EEA9700DC64A1 /* NetworkService.swift */; };
		C3EE7DF82B1EEAA100DC64A1 /* NetworkServiceProtocol.swift in Sources */ = {isa = PBXBuildFile; fileRef = C3EE7DF72B1EEAA100DC64A1 /* NetworkServiceProtocol.swift */; };
		C3EE7E002B1EEFF100DC64A1 /* BookListLoad.swift in Sources */ = {isa = PBXBuildFile; fileRef = C3EE7DFF2B1EEFF100DC64A1 /* BookListLoad.swift */; };
		C3EE7E052B1EF03B00DC64A1 /* BookListData.swift in Sources */ = {isa = PBXBuildFile; fileRef = C3EE7E042B1EF03B00DC64A1 /* BookListData.swift */; };
		C3EE7E082B1EF15C00DC64A1 /* URLRequestConfiguration.swift in Sources */ = {isa = PBXBuildFile; fileRef = C3EE7E072B1EF15C00DC64A1 /* URLRequestConfiguration.swift */; };
		C3EE7E132B1EFE4500DC64A1 /* StandardTableViewCell.swift in Sources */ = {isa = PBXBuildFile; fileRef = C3EE7E122B1EFE4500DC64A1 /* StandardTableViewCell.swift */; };
		C3EE7E1B2B1F1DE100DC64A1 /* UIView+.swift in Sources */ = {isa = PBXBuildFile; fileRef = C3EE7E1A2B1F1DE100DC64A1 /* UIView+.swift */; };
		C3EE7E252B1FFE2E00DC64A1 /* DetailViewController.swift in Sources */ = {isa = PBXBuildFile; fileRef = C3EE7E242B1FFE2E00DC64A1 /* DetailViewController.swift */; };
		C3EE7E272B1FFE5600DC64A1 /* DetailViewModel.swift in Sources */ = {isa = PBXBuildFile; fileRef = C3EE7E262B1FFE5600DC64A1 /* DetailViewModel.swift */; };
		C3EE7E2D2B1FFFDF00DC64A1 /* BookData.swift in Sources */ = {isa = PBXBuildFile; fileRef = C3EE7E2C2B1FFFDF00DC64A1 /* BookData.swift */; };
		C3EE7E2F2B2000CA00DC64A1 /* StandardInfoView.swift in Sources */ = {isa = PBXBuildFile; fileRef = C3EE7E2E2B2000CA00DC64A1 /* StandardInfoView.swift */; };
		C3EE7E312B20135200DC64A1 /* UserDefaultError.swift in Sources */ = {isa = PBXBuildFile; fileRef = C3EE7E302B20135200DC64A1 /* UserDefaultError.swift */; };
		C3EE7E372B203C0E00DC64A1 /* SearchViewController.swift in Sources */ = {isa = PBXBuildFile; fileRef = C3EE7E362B203C0E00DC64A1 /* SearchViewController.swift */; };
		C3EE7E392B203C7300DC64A1 /* SearchViewModel.swift in Sources */ = {isa = PBXBuildFile; fileRef = C3EE7E382B203C7300DC64A1 /* SearchViewModel.swift */; };
		C3EE7E3D2B2040D700DC64A1 /* SearchBarViewController.swift in Sources */ = {isa = PBXBuildFile; fileRef = C3EE7E3C2B2040D700DC64A1 /* SearchBarViewController.swift */; };
		C3EE7E3F2B20418900DC64A1 /* SearchResultViewController.swift in Sources */ = {isa = PBXBuildFile; fileRef = C3EE7E3E2B20418900DC64A1 /* SearchResultViewController.swift */; };
		C3EE7E422B20435C00DC64A1 /* SearchResultTableViewCell.swift in Sources */ = {isa = PBXBuildFile; fileRef = C3EE7E412B20435C00DC64A1 /* SearchResultTableViewCell.swift */; };
		C3EE7E492B2060C700DC64A1 /* DefaultMSG.swift in Sources */ = {isa = PBXBuildFile; fileRef = C3EE7E482B2060C700DC64A1 /* DefaultMSG.swift */; };
		C3EE80622B2845CC0028BE3B /* SearchWordSaveView.swift in Sources */ = {isa = PBXBuildFile; fileRef = C3EE80612B2845CC0028BE3B /* SearchWordSaveView.swift */; };
		C3EE80642B2848F00028BE3B /* SearchWordSaveViewCell.swift in Sources */ = {isa = PBXBuildFile; fileRef = C3EE80632B2848F00028BE3B /* SearchWordSaveViewCell.swift */; };
		C3EE80672B2950770028BE3B /* UserDefaultService.swift in Sources */ = {isa = PBXBuildFile; fileRef = C3EE80662B2950770028BE3B /* UserDefaultService.swift */; };
		C3EE80692B2961170028BE3B /* SearchWordSaveViewSettingCategory.swift in Sources */ = {isa = PBXBuildFile; fileRef = C3EE80682B2961170028BE3B /* SearchWordSaveViewSettingCategory.swift */; };
		C3EE806B2B29A2C50028BE3B /* SearchKeywordSection.swift in Sources */ = {isa = PBXBuildFile; fileRef = C3EE806A2B29A2C50028BE3B /* SearchKeywordSection.swift */; };
		F511477E3A8584DA95BCD4FC /* Pods_OnBoardingProject.framework in Frameworks */ = {isa = PBXBuildFile; fileRef = 698D0B01EEDB991075DBCB3C /* Pods_OnBoardingProject.framework */; };
/* End PBXBuildFile section */

/* Begin PBXFileReference section */
		07A6756F7AC4ACD11833C3AB /* Pods-OnBoardingProject.release.xcconfig */ = {isa = PBXFileReference; includeInIndex = 1; lastKnownFileType = text.xcconfig; name = "Pods-OnBoardingProject.release.xcconfig"; path = "Target Support Files/Pods-OnBoardingProject/Pods-OnBoardingProject.release.xcconfig"; sourceTree = "<group>"; };
		698D0B01EEDB991075DBCB3C /* Pods_OnBoardingProject.framework */ = {isa = PBXFileReference; explicitFileType = wrapper.framework; includeInIndex = 0; path = Pods_OnBoardingProject.framework; sourceTree = BUILT_PRODUCTS_DIR; };
		839EC1A2ED4322D675CD9A3B /* Pods-OnBoardingProject.debug.xcconfig */ = {isa = PBXFileReference; includeInIndex = 1; lastKnownFileType = text.xcconfig; name = "Pods-OnBoardingProject.debug.xcconfig"; path = "Target Support Files/Pods-OnBoardingProject/Pods-OnBoardingProject.debug.xcconfig"; sourceTree = "<group>"; };
		C32DE16E2B22A0D0007DAC84 /* MainTableView.swift */ = {isa = PBXFileReference; lastKnownFileType = sourcecode.swift; path = MainTableView.swift; sourceTree = "<group>"; };
		C32DE1712B22A332007DAC84 /* DetailView.swift */ = {isa = PBXFileReference; lastKnownFileType = sourcecode.swift; path = DetailView.swift; sourceTree = "<group>"; };
		C32DE1732B22D13A007DAC84 /* DetailLoadingView.swift */ = {isa = PBXFileReference; lastKnownFileType = sourcecode.swift; path = DetailLoadingView.swift; sourceTree = "<group>"; };
		C32DE1772B22FF11007DAC84 /* NetworkingError.swift */ = {isa = PBXFileReference; lastKnownFileType = sourcecode.swift; path = NetworkingError.swift; sourceTree = "<group>"; };
		C32DE1792B269C10007DAC84 /* UIStackView+.swift */ = {isa = PBXFileReference; lastKnownFileType = sourcecode.swift; path = "UIStackView+.swift"; sourceTree = "<group>"; };
		C32DE17C2B269D2E007DAC84 /* WebView.swift */ = {isa = PBXFileReference; lastKnownFileType = sourcecode.swift; path = WebView.swift; sourceTree = "<group>"; };
		C32DE17E2B269D41007DAC84 /* WebViewController.swift */ = {isa = PBXFileReference; lastKnownFileType = sourcecode.swift; path = WebViewController.swift; sourceTree = "<group>"; };
		C32DE1832B269F2F007DAC84 /* WebViewModel.swift */ = {isa = PBXFileReference; lastKnownFileType = sourcecode.swift; path = WebViewModel.swift; sourceTree = "<group>"; };
		C33DE1612B32AD2800B20B93 /* AppStep.swift */ = {isa = PBXFileReference; lastKnownFileType = sourcecode.swift; path = AppStep.swift; sourceTree = "<group>"; };
		C33DE1642B32AF5800B20B93 /* AppFlow.swift */ = {isa = PBXFileReference; lastKnownFileType = sourcecode.swift; path = AppFlow.swift; sourceTree = "<group>"; };
		C33DE1662B32AFE900B20B93 /* MainFlow.swift */ = {isa = PBXFileReference; lastKnownFileType = sourcecode.swift; path = MainFlow.swift; sourceTree = "<group>"; };
		C33DE1682B32AFEE00B20B93 /* SearchFlow.swift */ = {isa = PBXFileReference; lastKnownFileType = sourcecode.swift; path = SearchFlow.swift; sourceTree = "<group>"; };
		C33DE16A2B32B1A600B20B93 /* OnboardingFlow.swift */ = {isa = PBXFileReference; lastKnownFileType = sourcecode.swift; path = OnboardingFlow.swift; sourceTree = "<group>"; };
		C33DE16D2B32B57900B20B93 /* AppStepper.swift */ = {isa = PBXFileReference; lastKnownFileType = sourcecode.swift; path = AppStepper.swift; sourceTree = "<group>"; };
		C33DE16F2B32B89E00B20B93 /* DetailFlow.swift */ = {isa = PBXFileReference; lastKnownFileType = sourcecode.swift; path = DetailFlow.swift; sourceTree = "<group>"; };
		C33DE1712B32BC0A00B20B93 /* WebViewFlow.swift */ = {isa = PBXFileReference; lastKnownFileType = sourcecode.swift; path = WebViewFlow.swift; sourceTree = "<group>"; };
		C33DE1732B32C23F00B20B93 /* Flow+.swift */ = {isa = PBXFileReference; lastKnownFileType = sourcecode.swift; path = "Flow+.swift"; sourceTree = "<group>"; };
		C392FF492B33D25D006A679B /* ViewModel.swift */ = {isa = PBXFileReference; fileEncoding = 4; lastKnownFileType = sourcecode.swift; path = ViewModel.swift; sourceTree = "<group>"; };
		C392FF4B2B33D2F6006A679B /* ViewModelType.swift */ = {isa = PBXFileReference; fileEncoding = 4; lastKnownFileType = sourcecode.swift; path = ViewModelType.swift; sourceTree = "<group>"; };
		C392FF4D2B340E12006A679B /* UserDefaultCategory.swift */ = {isa = PBXFileReference; lastKnownFileType = sourcecode.swift; path = UserDefaultCategory.swift; sourceTree = "<group>"; };
		C3D28F582B2C3C60001245DD /* SearchTableView.swift */ = {isa = PBXFileReference; lastKnownFileType = sourcecode.swift; path = SearchTableView.swift; sourceTree = "<group>"; };
		C3DCAF1A2B1EBF4600CF40B9 /* OnBoardingProject.app */ = {isa = PBXFileReference; explicitFileType = wrapper.application; includeInIndex = 0; path = OnBoardingProject.app; sourceTree = BUILT_PRODUCTS_DIR; };
		C3DCAF1D2B1EBF4600CF40B9 /* AppDelegate.swift */ = {isa = PBXFileReference; lastKnownFileType = sourcecode.swift; path = AppDelegate.swift; sourceTree = "<group>"; };
		C3DCAF1F2B1EBF4600CF40B9 /* SceneDelegate.swift */ = {isa = PBXFileReference; lastKnownFileType = sourcecode.swift; path = SceneDelegate.swift; sourceTree = "<group>"; };
		C3DCAF262B1EBF4800CF40B9 /* Assets.xcassets */ = {isa = PBXFileReference; lastKnownFileType = folder.assetcatalog; path = Assets.xcassets; sourceTree = "<group>"; };
		C3DCAF292B1EBF4800CF40B9 /* Base */ = {isa = PBXFileReference; lastKnownFileType = file.storyboard; name = Base; path = Base.lproj/LaunchScreen.storyboard; sourceTree = "<group>"; };
		C3DCAF2B2B1EBF4800CF40B9 /* Info.plist */ = {isa = PBXFileReference; lastKnownFileType = text.plist.xml; path = Info.plist; sourceTree = "<group>"; };
		C3EE7DCF2B1ED54500DC64A1 /* FontStyle.swift */ = {isa = PBXFileReference; lastKnownFileType = sourcecode.swift; path = FontStyle.swift; sourceTree = "<group>"; };
		C3EE7DD52B1ED5B400DC64A1 /* MainViewController.swift */ = {isa = PBXFileReference; lastKnownFileType = sourcecode.swift; path = MainViewController.swift; sourceTree = "<group>"; };
		C3EE7DDA2B1ED5D200DC64A1 /* MainViewModel.swift */ = {isa = PBXFileReference; lastKnownFileType = sourcecode.swift; path = MainViewModel.swift; sourceTree = "<group>"; };
		C3EE7DEF2B1EDCEA00DC64A1 /* TabbarCategory.swift */ = {isa = PBXFileReference; lastKnownFileType = sourcecode.swift; path = TabbarCategory.swift; sourceTree = "<group>"; };
		C3EE7DF52B1EEA9700DC64A1 /* NetworkService.swift */ = {isa = PBXFileReference; lastKnownFileType = sourcecode.swift; path = NetworkService.swift; sourceTree = "<group>"; };
		C3EE7DF72B1EEAA100DC64A1 /* NetworkServiceProtocol.swift */ = {isa = PBXFileReference; lastKnownFileType = sourcecode.swift; path = NetworkServiceProtocol.swift; sourceTree = "<group>"; };
		C3EE7DFF2B1EEFF100DC64A1 /* BookListLoad.swift */ = {isa = PBXFileReference; lastKnownFileType = sourcecode.swift; path = BookListLoad.swift; sourceTree = "<group>"; };
		C3EE7E042B1EF03B00DC64A1 /* BookListData.swift */ = {isa = PBXFileReference; lastKnownFileType = sourcecode.swift; path = BookListData.swift; sourceTree = "<group>"; };
		C3EE7E072B1EF15C00DC64A1 /* URLRequestConfiguration.swift */ = {isa = PBXFileReference; lastKnownFileType = sourcecode.swift; path = URLRequestConfiguration.swift; sourceTree = "<group>"; };
		C3EE7E122B1EFE4500DC64A1 /* StandardTableViewCell.swift */ = {isa = PBXFileReference; lastKnownFileType = sourcecode.swift; path = StandardTableViewCell.swift; sourceTree = "<group>"; };
		C3EE7E1A2B1F1DE100DC64A1 /* UIView+.swift */ = {isa = PBXFileReference; lastKnownFileType = sourcecode.swift; path = "UIView+.swift"; sourceTree = "<group>"; };
		C3EE7E242B1FFE2E00DC64A1 /* DetailViewController.swift */ = {isa = PBXFileReference; lastKnownFileType = sourcecode.swift; path = DetailViewController.swift; sourceTree = "<group>"; };
		C3EE7E262B1FFE5600DC64A1 /* DetailViewModel.swift */ = {isa = PBXFileReference; lastKnownFileType = sourcecode.swift; path = DetailViewModel.swift; sourceTree = "<group>"; };
		C3EE7E2C2B1FFFDF00DC64A1 /* BookData.swift */ = {isa = PBXFileReference; lastKnownFileType = sourcecode.swift; path = BookData.swift; sourceTree = "<group>"; };
		C3EE7E2E2B2000CA00DC64A1 /* StandardInfoView.swift */ = {isa = PBXFileReference; lastKnownFileType = sourcecode.swift; path = StandardInfoView.swift; sourceTree = "<group>"; };
		C3EE7E302B20135200DC64A1 /* UserDefaultError.swift */ = {isa = PBXFileReference; lastKnownFileType = sourcecode.swift; path = UserDefaultError.swift; sourceTree = "<group>"; };
		C3EE7E362B203C0E00DC64A1 /* SearchViewController.swift */ = {isa = PBXFileReference; lastKnownFileType = sourcecode.swift; path = SearchViewController.swift; sourceTree = "<group>"; };
		C3EE7E382B203C7300DC64A1 /* SearchViewModel.swift */ = {isa = PBXFileReference; lastKnownFileType = sourcecode.swift; path = SearchViewModel.swift; sourceTree = "<group>"; };
		C3EE7E3C2B2040D700DC64A1 /* SearchBarViewController.swift */ = {isa = PBXFileReference; lastKnownFileType = sourcecode.swift; path = SearchBarViewController.swift; sourceTree = "<group>"; };
		C3EE7E3E2B20418900DC64A1 /* SearchResultViewController.swift */ = {isa = PBXFileReference; lastKnownFileType = sourcecode.swift; path = SearchResultViewController.swift; sourceTree = "<group>"; };
		C3EE7E412B20435C00DC64A1 /* SearchResultTableViewCell.swift */ = {isa = PBXFileReference; lastKnownFileType = sourcecode.swift; path = SearchResultTableViewCell.swift; sourceTree = "<group>"; };
		C3EE7E482B2060C700DC64A1 /* DefaultMSG.swift */ = {isa = PBXFileReference; lastKnownFileType = sourcecode.swift; path = DefaultMSG.swift; sourceTree = "<group>"; };
		C3EE80612B2845CC0028BE3B /* SearchWordSaveView.swift */ = {isa = PBXFileReference; lastKnownFileType = sourcecode.swift; path = SearchWordSaveView.swift; sourceTree = "<group>"; };
		C3EE80632B2848F00028BE3B /* SearchWordSaveViewCell.swift */ = {isa = PBXFileReference; lastKnownFileType = sourcecode.swift; path = SearchWordSaveViewCell.swift; sourceTree = "<group>"; };
		C3EE80662B2950770028BE3B /* UserDefaultService.swift */ = {isa = PBXFileReference; lastKnownFileType = sourcecode.swift; path = UserDefaultService.swift; sourceTree = "<group>"; };
		C3EE80682B2961170028BE3B /* SearchWordSaveViewSettingCategory.swift */ = {isa = PBXFileReference; lastKnownFileType = sourcecode.swift; path = SearchWordSaveViewSettingCategory.swift; sourceTree = "<group>"; };
		C3EE806A2B29A2C50028BE3B /* SearchKeywordSection.swift */ = {isa = PBXFileReference; lastKnownFileType = sourcecode.swift; path = SearchKeywordSection.swift; sourceTree = "<group>"; };
/* End PBXFileReference section */

/* Begin PBXFrameworksBuildPhase section */
		C3DCAF172B1EBF4600CF40B9 /* Frameworks */ = {
			isa = PBXFrameworksBuildPhase;
			buildActionMask = 2147483647;
			files = (
				F511477E3A8584DA95BCD4FC /* Pods_OnBoardingProject.framework in Frameworks */,
			);
			runOnlyForDeploymentPostprocessing = 0;
		};
/* End PBXFrameworksBuildPhase section */

/* Begin PBXGroup section */
		0C4A85C1471A47492947CC36 /* Frameworks */ = {
			isa = PBXGroup;
			children = (
				698D0B01EEDB991075DBCB3C /* Pods_OnBoardingProject.framework */,
			);
			name = Frameworks;
			sourceTree = "<group>";
		};
		5BBE3C386C38F21375B31469 /* Pods */ = {
			isa = PBXGroup;
			children = (
				839EC1A2ED4322D675CD9A3B /* Pods-OnBoardingProject.debug.xcconfig */,
				07A6756F7AC4ACD11833C3AB /* Pods-OnBoardingProject.release.xcconfig */,
			);
			path = Pods;
			sourceTree = "<group>";
		};
		C32DE17B2B269D19007DAC84 /* WebView */ = {
			isa = PBXGroup;
			children = (
				C32DE1832B269F2F007DAC84 /* WebViewModel.swift */,
				C32DE17C2B269D2E007DAC84 /* WebView.swift */,
				C32DE17E2B269D41007DAC84 /* WebViewController.swift */,
			);
			path = WebView;
			sourceTree = "<group>";
		};
		C33DE15F2B32AC3E00B20B93 /* Coordinator */ = {
			isa = PBXGroup;
			children = (
				C33DE16C2B32B56E00B20B93 /* Stepper */,
				C33DE1632B32AF4F00B20B93 /* Flow */,
				C33DE1602B32AC4C00B20B93 /* Step */,
			);
			path = Coordinator;
			sourceTree = "<group>";
		};
		C33DE1602B32AC4C00B20B93 /* Step */ = {
			isa = PBXGroup;
			children = (
				C33DE1612B32AD2800B20B93 /* AppStep.swift */,
			);
			path = Step;
			sourceTree = "<group>";
		};
		C33DE1632B32AF4F00B20B93 /* Flow */ = {
			isa = PBXGroup;
			children = (
				C33DE1642B32AF5800B20B93 /* AppFlow.swift */,
				C33DE16A2B32B1A600B20B93 /* OnboardingFlow.swift */,
				C33DE1662B32AFE900B20B93 /* MainFlow.swift */,
				C33DE1682B32AFEE00B20B93 /* SearchFlow.swift */,
				C33DE16F2B32B89E00B20B93 /* DetailFlow.swift */,
				C33DE1712B32BC0A00B20B93 /* WebViewFlow.swift */,
			);
			path = Flow;
			sourceTree = "<group>";
		};
		C33DE16C2B32B56E00B20B93 /* Stepper */ = {
			isa = PBXGroup;
			children = (
				C33DE16D2B32B57900B20B93 /* AppStepper.swift */,
			);
			path = Stepper;
			sourceTree = "<group>";
		};
		C392FF472B33D219006A679B /* Foundation */ = {
			isa = PBXGroup;
			children = (
				C392FF482B33D228006A679B /* MVVM */,
			);
			path = Foundation;
			sourceTree = "<group>";
		};
		C392FF482B33D228006A679B /* MVVM */ = {
			isa = PBXGroup;
			children = (
				C392FF492B33D25D006A679B /* ViewModel.swift */,
				C392FF4B2B33D2F6006A679B /* ViewModelType.swift */,
			);
			path = MVVM;
			sourceTree = "<group>";
		};
		C3DCAF112B1EBF4600CF40B9 = {
			isa = PBXGroup;
			children = (
				C3DCAF1C2B1EBF4600CF40B9 /* OnBoardingProject */,
				C3DCAF1B2B1EBF4600CF40B9 /* Products */,
				5BBE3C386C38F21375B31469 /* Pods */,
				0C4A85C1471A47492947CC36 /* Frameworks */,
			);
			sourceTree = "<group>";
		};
		C3DCAF1B2B1EBF4600CF40B9 /* Products */ = {
			isa = PBXGroup;
			children = (
				C3DCAF1A2B1EBF4600CF40B9 /* OnBoardingProject.app */,
			);
			name = Products;
			sourceTree = "<group>";
		};
		C3DCAF1C2B1EBF4600CF40B9 /* OnBoardingProject */ = {
			isa = PBXGroup;
			children = (
				C392FF472B33D219006A679B /* Foundation */,
				C33DE15F2B32AC3E00B20B93 /* Coordinator */,
				C3EE7E192B1F1DD700DC64A1 /* Extension */,
				C3EE7DC92B1ED4B000DC64A1 /* Application */,
				C3EE7DE82B1ED67700DC64A1 /* Presentation */,
				C3EE80652B2950370028BE3B /* Service */,
				C3EE7DE12B1ED60000DC64A1 /* Networking */,
				C3EE7E012B1EEFF800DC64A1 /* Model */,
				C3EE7DE92B1ED6BE00DC64A1 /* Resource */,
				C3EE7DCB2B1ED4ED00DC64A1 /* View */,
			);
			path = OnBoardingProject;
			sourceTree = "<group>";
		};
		C3EE7DC92B1ED4B000DC64A1 /* Application */ = {
			isa = PBXGroup;
			children = (
				C3DCAF1D2B1EBF4600CF40B9 /* AppDelegate.swift */,
				C3DCAF1F2B1EBF4600CF40B9 /* SceneDelegate.swift */,
				C3DCAF282B1EBF4800CF40B9 /* LaunchScreen.storyboard */,
				C3DCAF2B2B1EBF4800CF40B9 /* Info.plist */,
			);
			path = Application;
			sourceTree = "<group>";
		};
		C3EE7DCB2B1ED4ED00DC64A1 /* View */ = {
			isa = PBXGroup;
			children = (
				C3EE7E122B1EFE4500DC64A1 /* StandardTableViewCell.swift */,
				C3EE7E2E2B2000CA00DC64A1 /* StandardInfoView.swift */,
			);
			path = View;
			sourceTree = "<group>";
		};
		C3EE7DD32B1ED5A700DC64A1 /* Main */ = {
			isa = PBXGroup;
			children = (
				C32DE16E2B22A0D0007DAC84 /* MainTableView.swift */,
				C3EE7DDA2B1ED5D200DC64A1 /* MainViewModel.swift */,
				C3EE7DD52B1ED5B400DC64A1 /* MainViewController.swift */,
			);
			path = Main;
			sourceTree = "<group>";
		};
		C3EE7DE12B1ED60000DC64A1 /* Networking */ = {
			isa = PBXGroup;
			children = (
				C3EE7DFB2B1EEF5000DC64A1 /* Entity */,
				C3EE7DE32B1ED60F00DC64A1 /* Protocol */,
				C3EE7DF52B1EEA9700DC64A1 /* NetworkService.swift */,
			);
			path = Networking;
			sourceTree = "<group>";
		};
		C3EE7DE32B1ED60F00DC64A1 /* Protocol */ = {
			isa = PBXGroup;
			children = (
				C3EE7DF72B1EEAA100DC64A1 /* NetworkServiceProtocol.swift */,
			);
			path = Protocol;
			sourceTree = "<group>";
		};
		C3EE7DE82B1ED67700DC64A1 /* Presentation */ = {
			isa = PBXGroup;
			children = (
				C32DE17B2B269D19007DAC84 /* WebView */,
				C3EE7DD32B1ED5A700DC64A1 /* Main */,
				C3EE7E1C2B1FFC3500DC64A1 /* Detail */,
				C3EE7E322B203BBE00DC64A1 /* Search */,
			);
			path = Presentation;
			sourceTree = "<group>";
		};
		C3EE7DE92B1ED6BE00DC64A1 /* Resource */ = {
			isa = PBXGroup;
			children = (
				C3EE7DCF2B1ED54500DC64A1 /* FontStyle.swift */,
				C3EE7E482B2060C700DC64A1 /* DefaultMSG.swift */,
				C3DCAF262B1EBF4800CF40B9 /* Assets.xcassets */,
			);
			path = Resource;
			sourceTree = "<group>";
		};
		C3EE7DFB2B1EEF5000DC64A1 /* Entity */ = {
			isa = PBXGroup;
			children = (
				C32DE1772B22FF11007DAC84 /* NetworkingError.swift */,
				C3EE7E072B1EF15C00DC64A1 /* URLRequestConfiguration.swift */,
			);
			path = Entity;
			sourceTree = "<group>";
		};
		C3EE7E012B1EEFF800DC64A1 /* Model */ = {
			isa = PBXGroup;
			children = (
				C3EE7E042B1EF03B00DC64A1 /* BookListData.swift */,
				C3EE7E2C2B1FFFDF00DC64A1 /* BookData.swift */,
				C3EE80682B2961170028BE3B /* SearchWordSaveViewSettingCategory.swift */,
				C3EE7DEF2B1EDCEA00DC64A1 /* TabbarCategory.swift */,
				C3EE806A2B29A2C50028BE3B /* SearchKeywordSection.swift */,
			);
			path = Model;
			sourceTree = "<group>";
		};
		C3EE7E062B1EF10900DC64A1 /* BookListLoad */ = {
			isa = PBXGroup;
			children = (
				C3EE7DFF2B1EEFF100DC64A1 /* BookListLoad.swift */,
			);
			path = BookListLoad;
			sourceTree = "<group>";
		};
		C3EE7E192B1F1DD700DC64A1 /* Extension */ = {
			isa = PBXGroup;
			children = (
				C3EE7E1A2B1F1DE100DC64A1 /* UIView+.swift */,
				C33DE1732B32C23F00B20B93 /* Flow+.swift */,
				C32DE1792B269C10007DAC84 /* UIStackView+.swift */,
			);
			path = Extension;
			sourceTree = "<group>";
		};
		C3EE7E1C2B1FFC3500DC64A1 /* Detail */ = {
			isa = PBXGroup;
			children = (
				C32DE1712B22A332007DAC84 /* DetailView.swift */,
				C32DE1732B22D13A007DAC84 /* DetailLoadingView.swift */,
				C3EE7E262B1FFE5600DC64A1 /* DetailViewModel.swift */,
				C3EE7E242B1FFE2E00DC64A1 /* DetailViewController.swift */,
			);
			path = Detail;
			sourceTree = "<group>";
		};
		C3EE7E322B203BBE00DC64A1 /* Search */ = {
			isa = PBXGroup;
			children = (
				C3EE7E362B203C0E00DC64A1 /* SearchViewController.swift */,
				C3EE7E3C2B2040D700DC64A1 /* SearchBarViewController.swift */,
				C3EE7E3E2B20418900DC64A1 /* SearchResultViewController.swift */,
				C3EE7E382B203C7300DC64A1 /* SearchViewModel.swift */,
				C3EE7E402B20435400DC64A1 /* View */,
			);
			path = Search;
			sourceTree = "<group>";
		};
		C3EE7E402B20435400DC64A1 /* View */ = {
			isa = PBXGroup;
			children = (
				C3D28F582B2C3C60001245DD /* SearchTableView.swift */,
				C3EE7E412B20435C00DC64A1 /* SearchResultTableViewCell.swift */,
				C3EE80612B2845CC0028BE3B /* SearchWordSaveView.swift */,
				C3EE80632B2848F00028BE3B /* SearchWordSaveViewCell.swift */,
			);
			path = View;
			sourceTree = "<group>";
		};
		C3EE80652B2950370028BE3B /* Service */ = {
			isa = PBXGroup;
			children = (
				C3EE7E062B1EF10900DC64A1 /* BookListLoad */,
				C3EE806C2B2A8BA00028BE3B /* UserDefault */,
			);
			path = Service;
			sourceTree = "<group>";
		};
		C3EE806C2B2A8BA00028BE3B /* UserDefault */ = {
			isa = PBXGroup;
			children = (
				C3EE7E302B20135200DC64A1 /* UserDefaultError.swift */,
				C392FF4D2B340E12006A679B /* UserDefaultCategory.swift */,
				C3EE80662B2950770028BE3B /* UserDefaultService.swift */,
			);
			path = UserDefault;
			sourceTree = "<group>";
		};
/* End PBXGroup section */

/* Begin PBXNativeTarget section */
		C3DCAF192B1EBF4600CF40B9 /* OnBoardingProject */ = {
			isa = PBXNativeTarget;
			buildConfigurationList = C3DCAF2E2B1EBF4800CF40B9 /* Build configuration list for PBXNativeTarget "OnBoardingProject" */;
			buildPhases = (
				167DD05CB749848487ADA478 /* [CP] Check Pods Manifest.lock */,
				C3DCAF162B1EBF4600CF40B9 /* Sources */,
				C3DCAF172B1EBF4600CF40B9 /* Frameworks */,
				C3DCAF182B1EBF4600CF40B9 /* Resources */,
				8539202723E6DA1054416080 /* [CP] Embed Pods Frameworks */,
			);
			buildRules = (
			);
			dependencies = (
			);
			name = OnBoardingProject;
			productName = OnBoardingProject;
			productReference = C3DCAF1A2B1EBF4600CF40B9 /* OnBoardingProject.app */;
			productType = "com.apple.product-type.application";
		};
/* End PBXNativeTarget section */

/* Begin PBXProject section */
		C3DCAF122B1EBF4600CF40B9 /* Project object */ = {
			isa = PBXProject;
			attributes = {
				BuildIndependentTargetsInParallel = 1;
				LastSwiftUpdateCheck = 1500;
				LastUpgradeCheck = 1500;
				TargetAttributes = {
					C3DCAF192B1EBF4600CF40B9 = {
						CreatedOnToolsVersion = 15.0.1;
					};
				};
			};
			buildConfigurationList = C3DCAF152B1EBF4600CF40B9 /* Build configuration list for PBXProject "OnBoardingProject" */;
			compatibilityVersion = "Xcode 14.0";
			developmentRegion = en;
			hasScannedForEncodings = 0;
			knownRegions = (
				en,
				Base,
			);
			mainGroup = C3DCAF112B1EBF4600CF40B9;
			productRefGroup = C3DCAF1B2B1EBF4600CF40B9 /* Products */;
			projectDirPath = "";
			projectRoot = "";
			targets = (
				C3DCAF192B1EBF4600CF40B9 /* OnBoardingProject */,
			);
		};
/* End PBXProject section */

/* Begin PBXResourcesBuildPhase section */
		C3DCAF182B1EBF4600CF40B9 /* Resources */ = {
			isa = PBXResourcesBuildPhase;
			buildActionMask = 2147483647;
			files = (
				C3DCAF2A2B1EBF4800CF40B9 /* LaunchScreen.storyboard in Resources */,
				C3DCAF272B1EBF4800CF40B9 /* Assets.xcassets in Resources */,
			);
			runOnlyForDeploymentPostprocessing = 0;
		};
/* End PBXResourcesBuildPhase section */

/* Begin PBXShellScriptBuildPhase section */
		167DD05CB749848487ADA478 /* [CP] Check Pods Manifest.lock */ = {
			isa = PBXShellScriptBuildPhase;
			buildActionMask = 2147483647;
			files = (
			);
			inputFileListPaths = (
			);
			inputPaths = (
				"${PODS_PODFILE_DIR_PATH}/Podfile.lock",
				"${PODS_ROOT}/Manifest.lock",
			);
			name = "[CP] Check Pods Manifest.lock";
			outputFileListPaths = (
			);
			outputPaths = (
				"$(DERIVED_FILE_DIR)/Pods-OnBoardingProject-checkManifestLockResult.txt",
			);
			runOnlyForDeploymentPostprocessing = 0;
			shellPath = /bin/sh;
			shellScript = "diff \"${PODS_PODFILE_DIR_PATH}/Podfile.lock\" \"${PODS_ROOT}/Manifest.lock\" > /dev/null\nif [ $? != 0 ] ; then\n    # print error to STDERR\n    echo \"error: The sandbox is not in sync with the Podfile.lock. Run 'pod install' or update your CocoaPods installation.\" >&2\n    exit 1\nfi\n# This output is used by Xcode 'outputs' to avoid re-running this script phase.\necho \"SUCCESS\" > \"${SCRIPT_OUTPUT_FILE_0}\"\n";
			showEnvVarsInLog = 0;
		};
		8539202723E6DA1054416080 /* [CP] Embed Pods Frameworks */ = {
			isa = PBXShellScriptBuildPhase;
			buildActionMask = 2147483647;
			files = (
			);
			inputFileListPaths = (
				"${PODS_ROOT}/Target Support Files/Pods-OnBoardingProject/Pods-OnBoardingProject-frameworks-${CONFIGURATION}-input-files.xcfilelist",
			);
			name = "[CP] Embed Pods Frameworks";
			outputFileListPaths = (
				"${PODS_ROOT}/Target Support Files/Pods-OnBoardingProject/Pods-OnBoardingProject-frameworks-${CONFIGURATION}-output-files.xcfilelist",
			);
			runOnlyForDeploymentPostprocessing = 0;
			shellPath = /bin/sh;
			shellScript = "\"${PODS_ROOT}/Target Support Files/Pods-OnBoardingProject/Pods-OnBoardingProject-frameworks.sh\"\n";
			showEnvVarsInLog = 0;
		};
/* End PBXShellScriptBuildPhase section */

/* Begin PBXSourcesBuildPhase section */
		C3DCAF162B1EBF4600CF40B9 /* Sources */ = {
			isa = PBXSourcesBuildPhase;
			buildActionMask = 2147483647;
			files = (
				C32DE17F2B269D41007DAC84 /* WebViewController.swift in Sources */,
				C3D28F592B2C3C60001245DD /* SearchTableView.swift in Sources */,
				C32DE17A2B269C10007DAC84 /* UIStackView+.swift in Sources */,
				C3EE80692B2961170028BE3B /* SearchWordSaveViewSettingCategory.swift in Sources */,
				C3EE7E372B203C0E00DC64A1 /* SearchViewController.swift in Sources */,
				C3EE806B2B29A2C50028BE3B /* SearchKeywordSection.swift in Sources */,
				C392FF4A2B33D25D006A679B /* ViewModel.swift in Sources */,
				C33DE1652B32AF5800B20B93 /* AppFlow.swift in Sources */,
				C3EE7E3F2B20418900DC64A1 /* SearchResultViewController.swift in Sources */,
				C3EE7DF02B1EDCEA00DC64A1 /* TabbarCategory.swift in Sources */,
				C3EE7E132B1EFE4500DC64A1 /* StandardTableViewCell.swift in Sources */,
				C3EE7E2F2B2000CA00DC64A1 /* StandardInfoView.swift in Sources */,
				C3EE80672B2950770028BE3B /* UserDefaultService.swift in Sources */,
				C3EE7E002B1EEFF100DC64A1 /* BookListLoad.swift in Sources */,
				C3EE7DDB2B1ED5D200DC64A1 /* MainViewModel.swift in Sources */,
				C33DE1672B32AFE900B20B93 /* MainFlow.swift in Sources */,
				C3EE7E252B1FFE2E00DC64A1 /* DetailViewController.swift in Sources */,
				C3EE7E082B1EF15C00DC64A1 /* URLRequestConfiguration.swift in Sources */,
				C392FF4C2B33D2F6006A679B /* ViewModelType.swift in Sources */,
				C33DE1622B32AD2800B20B93 /* AppStep.swift in Sources */,
				C3EE7E312B20135200DC64A1 /* UserDefaultError.swift in Sources */,
				C3EE7E272B1FFE5600DC64A1 /* DetailViewModel.swift in Sources */,
				C3EE7E052B1EF03B00DC64A1 /* BookListData.swift in Sources */,
				C392FF4E2B340E12006A679B /* UserDefaultCategory.swift in Sources */,
				C3EE7DF82B1EEAA100DC64A1 /* NetworkServiceProtocol.swift in Sources */,
				C33DE1742B32C23F00B20B93 /* Flow+.swift in Sources */,
				C32DE1842B269F2F007DAC84 /* WebViewModel.swift in Sources */,
				C32DE16F2B22A0D0007DAC84 /* MainTableView.swift in Sources */,
				C33DE1722B32BC0A00B20B93 /* WebViewFlow.swift in Sources */,
				C3DCAF1E2B1EBF4600CF40B9 /* AppDelegate.swift in Sources */,
				C3EE7DD62B1ED5B400DC64A1 /* MainViewController.swift in Sources */,
				C3EE7E3D2B2040D700DC64A1 /* SearchBarViewController.swift in Sources */,
				C3EE80622B2845CC0028BE3B /* SearchWordSaveView.swift in Sources */,
				C3DCAF202B1EBF4600CF40B9 /* SceneDelegate.swift in Sources */,
				C32DE1742B22D13A007DAC84 /* DetailLoadingView.swift in Sources */,
				C32DE1782B22FF11007DAC84 /* NetworkingError.swift in Sources */,
				C33DE16E2B32B57900B20B93 /* AppStepper.swift in Sources */,
				C33DE16B2B32B1A600B20B93 /* OnboardingFlow.swift in Sources */,
				C33DE1702B32B89E00B20B93 /* DetailFlow.swift in Sources */,
				C3EE7DF62B1EEA9700DC64A1 /* NetworkService.swift in Sources */,
				C3EE7E1B2B1F1DE100DC64A1 /* UIView+.swift in Sources */,
				C32DE1722B22A332007DAC84 /* DetailView.swift in Sources */,
				C3EE7DD02B1ED54500DC64A1 /* FontStyle.swift in Sources */,
				C33DE1692B32AFEE00B20B93 /* SearchFlow.swift in Sources */,
				C3EE7E492B2060C700DC64A1 /* DefaultMSG.swift in Sources */,
				C3EE7E422B20435C00DC64A1 /* SearchResultTableViewCell.swift in Sources */,
				C3EE80642B2848F00028BE3B /* SearchWordSaveViewCell.swift in Sources */,
				C3EE7E392B203C7300DC64A1 /* SearchViewModel.swift in Sources */,
				C32DE17D2B269D2E007DAC84 /* WebView.swift in Sources */,
				C3EE7E2D2B1FFFDF00DC64A1 /* BookData.swift in Sources */,
			);
			runOnlyForDeploymentPostprocessing = 0;
		};
/* End PBXSourcesBuildPhase section */

/* Begin PBXVariantGroup section */
		C3DCAF282B1EBF4800CF40B9 /* LaunchScreen.storyboard */ = {
			isa = PBXVariantGroup;
			children = (
				C3DCAF292B1EBF4800CF40B9 /* Base */,
			);
			name = LaunchScreen.storyboard;
			sourceTree = "<group>";
		};
/* End PBXVariantGroup section */

/* Begin XCBuildConfiguration section */
		C3DCAF2C2B1EBF4800CF40B9 /* Debug */ = {
			isa = XCBuildConfiguration;
			buildSettings = {
				ALWAYS_SEARCH_USER_PATHS = NO;
				ASSETCATALOG_COMPILER_GENERATE_SWIFT_ASSET_SYMBOL_EXTENSIONS = YES;
				CLANG_ANALYZER_NONNULL = YES;
				CLANG_ANALYZER_NUMBER_OBJECT_CONVERSION = YES_AGGRESSIVE;
				CLANG_CXX_LANGUAGE_STANDARD = "gnu++20";
				CLANG_ENABLE_MODULES = YES;
				CLANG_ENABLE_OBJC_ARC = YES;
				CLANG_ENABLE_OBJC_WEAK = YES;
				CLANG_WARN_BLOCK_CAPTURE_AUTORELEASING = YES;
				CLANG_WARN_BOOL_CONVERSION = YES;
				CLANG_WARN_COMMA = YES;
				CLANG_WARN_CONSTANT_CONVERSION = YES;
				CLANG_WARN_DEPRECATED_OBJC_IMPLEMENTATIONS = YES;
				CLANG_WARN_DIRECT_OBJC_ISA_USAGE = YES_ERROR;
				CLANG_WARN_DOCUMENTATION_COMMENTS = YES;
				CLANG_WARN_EMPTY_BODY = YES;
				CLANG_WARN_ENUM_CONVERSION = YES;
				CLANG_WARN_INFINITE_RECURSION = YES;
				CLANG_WARN_INT_CONVERSION = YES;
				CLANG_WARN_NON_LITERAL_NULL_CONVERSION = YES;
				CLANG_WARN_OBJC_IMPLICIT_RETAIN_SELF = YES;
				CLANG_WARN_OBJC_LITERAL_CONVERSION = YES;
				CLANG_WARN_OBJC_ROOT_CLASS = YES_ERROR;
				CLANG_WARN_QUOTED_INCLUDE_IN_FRAMEWORK_HEADER = YES;
				CLANG_WARN_RANGE_LOOP_ANALYSIS = YES;
				CLANG_WARN_STRICT_PROTOTYPES = YES;
				CLANG_WARN_SUSPICIOUS_MOVE = YES;
				CLANG_WARN_UNGUARDED_AVAILABILITY = YES_AGGRESSIVE;
				CLANG_WARN_UNREACHABLE_CODE = YES;
				CLANG_WARN__DUPLICATE_METHOD_MATCH = YES;
				COPY_PHASE_STRIP = NO;
				DEBUG_INFORMATION_FORMAT = dwarf;
				ENABLE_STRICT_OBJC_MSGSEND = YES;
				ENABLE_TESTABILITY = YES;
				ENABLE_USER_SCRIPT_SANDBOXING = NO;
				GCC_C_LANGUAGE_STANDARD = gnu17;
				GCC_DYNAMIC_NO_PIC = NO;
				GCC_NO_COMMON_BLOCKS = YES;
				GCC_OPTIMIZATION_LEVEL = 0;
				GCC_PREPROCESSOR_DEFINITIONS = (
					"DEBUG=1",
					"$(inherited)",
				);
				GCC_WARN_64_TO_32_BIT_CONVERSION = YES;
				GCC_WARN_ABOUT_RETURN_TYPE = YES_ERROR;
				GCC_WARN_UNDECLARED_SELECTOR = YES;
				GCC_WARN_UNINITIALIZED_AUTOS = YES_AGGRESSIVE;
				GCC_WARN_UNUSED_FUNCTION = YES;
				GCC_WARN_UNUSED_VARIABLE = YES;
				IPHONEOS_DEPLOYMENT_TARGET = 17.0;
				LOCALIZATION_PREFERS_STRING_CATALOGS = YES;
				MTL_ENABLE_DEBUG_INFO = INCLUDE_SOURCE;
				MTL_FAST_MATH = YES;
				ONLY_ACTIVE_ARCH = YES;
				SDKROOT = iphoneos;
				SWIFT_ACTIVE_COMPILATION_CONDITIONS = "DEBUG $(inherited)";
				SWIFT_OPTIMIZATION_LEVEL = "-Onone";
			};
			name = Debug;
		};
		C3DCAF2D2B1EBF4800CF40B9 /* Release */ = {
			isa = XCBuildConfiguration;
			buildSettings = {
				ALWAYS_SEARCH_USER_PATHS = NO;
				ASSETCATALOG_COMPILER_GENERATE_SWIFT_ASSET_SYMBOL_EXTENSIONS = YES;
				CLANG_ANALYZER_NONNULL = YES;
				CLANG_ANALYZER_NUMBER_OBJECT_CONVERSION = YES_AGGRESSIVE;
				CLANG_CXX_LANGUAGE_STANDARD = "gnu++20";
				CLANG_ENABLE_MODULES = YES;
				CLANG_ENABLE_OBJC_ARC = YES;
				CLANG_ENABLE_OBJC_WEAK = YES;
				CLANG_WARN_BLOCK_CAPTURE_AUTORELEASING = YES;
				CLANG_WARN_BOOL_CONVERSION = YES;
				CLANG_WARN_COMMA = YES;
				CLANG_WARN_CONSTANT_CONVERSION = YES;
				CLANG_WARN_DEPRECATED_OBJC_IMPLEMENTATIONS = YES;
				CLANG_WARN_DIRECT_OBJC_ISA_USAGE = YES_ERROR;
				CLANG_WARN_DOCUMENTATION_COMMENTS = YES;
				CLANG_WARN_EMPTY_BODY = YES;
				CLANG_WARN_ENUM_CONVERSION = YES;
				CLANG_WARN_INFINITE_RECURSION = YES;
				CLANG_WARN_INT_CONVERSION = YES;
				CLANG_WARN_NON_LITERAL_NULL_CONVERSION = YES;
				CLANG_WARN_OBJC_IMPLICIT_RETAIN_SELF = YES;
				CLANG_WARN_OBJC_LITERAL_CONVERSION = YES;
				CLANG_WARN_OBJC_ROOT_CLASS = YES_ERROR;
				CLANG_WARN_QUOTED_INCLUDE_IN_FRAMEWORK_HEADER = YES;
				CLANG_WARN_RANGE_LOOP_ANALYSIS = YES;
				CLANG_WARN_STRICT_PROTOTYPES = YES;
				CLANG_WARN_SUSPICIOUS_MOVE = YES;
				CLANG_WARN_UNGUARDED_AVAILABILITY = YES_AGGRESSIVE;
				CLANG_WARN_UNREACHABLE_CODE = YES;
				CLANG_WARN__DUPLICATE_METHOD_MATCH = YES;
				COPY_PHASE_STRIP = NO;
				DEBUG_INFORMATION_FORMAT = "dwarf-with-dsym";
				ENABLE_NS_ASSERTIONS = NO;
				ENABLE_STRICT_OBJC_MSGSEND = YES;
				ENABLE_USER_SCRIPT_SANDBOXING = NO;
				GCC_C_LANGUAGE_STANDARD = gnu17;
				GCC_NO_COMMON_BLOCKS = YES;
				GCC_WARN_64_TO_32_BIT_CONVERSION = YES;
				GCC_WARN_ABOUT_RETURN_TYPE = YES_ERROR;
				GCC_WARN_UNDECLARED_SELECTOR = YES;
				GCC_WARN_UNINITIALIZED_AUTOS = YES_AGGRESSIVE;
				GCC_WARN_UNUSED_FUNCTION = YES;
				GCC_WARN_UNUSED_VARIABLE = YES;
				IPHONEOS_DEPLOYMENT_TARGET = 17.0;
				LOCALIZATION_PREFERS_STRING_CATALOGS = YES;
				MTL_ENABLE_DEBUG_INFO = NO;
				MTL_FAST_MATH = YES;
				SDKROOT = iphoneos;
				SWIFT_COMPILATION_MODE = wholemodule;
				VALIDATE_PRODUCT = YES;
			};
			name = Release;
		};
		C3DCAF2F2B1EBF4800CF40B9 /* Debug */ = {
			isa = XCBuildConfiguration;
			baseConfigurationReference = 839EC1A2ED4322D675CD9A3B /* Pods-OnBoardingProject.debug.xcconfig */;
			buildSettings = {
				ASSETCATALOG_COMPILER_APPICON_NAME = AppIcon;
				ASSETCATALOG_COMPILER_GLOBAL_ACCENT_COLOR_NAME = AccentColor;
				CODE_SIGN_STYLE = Automatic;
				CURRENT_PROJECT_VERSION = 1;
				DEVELOPMENT_TEAM = BPGXX3JG6H;
				GENERATE_INFOPLIST_FILE = YES;
				INFOPLIST_FILE = OnBoardingProject/Application/Info.plist;
				INFOPLIST_KEY_UIApplicationSupportsIndirectInputEvents = YES;
				INFOPLIST_KEY_UILaunchStoryboardName = LaunchScreen;
				INFOPLIST_KEY_UISupportedInterfaceOrientations = UIInterfaceOrientationPortrait;
				INFOPLIST_KEY_UISupportedInterfaceOrientations_iPad = "UIInterfaceOrientationLandscapeLeft UIInterfaceOrientationLandscapeRight UIInterfaceOrientationPortrait UIInterfaceOrientationPortraitUpsideDown";
				IPHONEOS_DEPLOYMENT_TARGET = 14.0;
				LD_RUNPATH_SEARCH_PATHS = (
					"$(inherited)",
					"@executable_path/Frameworks",
				);
				MARKETING_VERSION = 1.0;
				PRODUCT_BUNDLE_IDENTIFIER = com.onboarding.OnBoardingProject;
				PRODUCT_NAME = "$(TARGET_NAME)";
				SUPPORTED_PLATFORMS = "iphoneos iphonesimulator";
				SUPPORTS_MACCATALYST = NO;
				SUPPORTS_MAC_DESIGNED_FOR_IPHONE_IPAD = NO;
				SWIFT_EMIT_LOC_STRINGS = YES;
				SWIFT_VERSION = 5.0;
				TARGETED_DEVICE_FAMILY = 1;
			};
			name = Debug;
		};
		C3DCAF302B1EBF4800CF40B9 /* Release */ = {
			isa = XCBuildConfiguration;
			baseConfigurationReference = 07A6756F7AC4ACD11833C3AB /* Pods-OnBoardingProject.release.xcconfig */;
			buildSettings = {
				ASSETCATALOG_COMPILER_APPICON_NAME = AppIcon;
				ASSETCATALOG_COMPILER_GLOBAL_ACCENT_COLOR_NAME = AccentColor;
				CODE_SIGN_STYLE = Automatic;
				CURRENT_PROJECT_VERSION = 1;
				DEVELOPMENT_TEAM = BPGXX3JG6H;
				GENERATE_INFOPLIST_FILE = YES;
				INFOPLIST_FILE = OnBoardingProject/Application/Info.plist;
				INFOPLIST_KEY_UIApplicationSupportsIndirectInputEvents = YES;
				INFOPLIST_KEY_UILaunchStoryboardName = LaunchScreen;
				INFOPLIST_KEY_UISupportedInterfaceOrientations = UIInterfaceOrientationPortrait;
				INFOPLIST_KEY_UISupportedInterfaceOrientations_iPad = "UIInterfaceOrientationLandscapeLeft UIInterfaceOrientationLandscapeRight UIInterfaceOrientationPortrait UIInterfaceOrientationPortraitUpsideDown";
				IPHONEOS_DEPLOYMENT_TARGET = 14.0;
				LD_RUNPATH_SEARCH_PATHS = (
					"$(inherited)",
					"@executable_path/Frameworks",
				);
				MARKETING_VERSION = 1.0;
				PRODUCT_BUNDLE_IDENTIFIER = com.onboarding.OnBoardingProject;
				PRODUCT_NAME = "$(TARGET_NAME)";
				SUPPORTED_PLATFORMS = "iphoneos iphonesimulator";
				SUPPORTS_MACCATALYST = NO;
				SUPPORTS_MAC_DESIGNED_FOR_IPHONE_IPAD = NO;
				SWIFT_EMIT_LOC_STRINGS = YES;
				SWIFT_VERSION = 5.0;
				TARGETED_DEVICE_FAMILY = 1;
			};
			name = Release;
		};
/* End XCBuildConfiguration section */

/* Begin XCConfigurationList section */
		C3DCAF152B1EBF4600CF40B9 /* Build configuration list for PBXProject "OnBoardingProject" */ = {
			isa = XCConfigurationList;
			buildConfigurations = (
				C3DCAF2C2B1EBF4800CF40B9 /* Debug */,
				C3DCAF2D2B1EBF4800CF40B9 /* Release */,
			);
			defaultConfigurationIsVisible = 0;
			defaultConfigurationName = Release;
		};
		C3DCAF2E2B1EBF4800CF40B9 /* Build configuration list for PBXNativeTarget "OnBoardingProject" */ = {
			isa = XCConfigurationList;
			buildConfigurations = (
				C3DCAF2F2B1EBF4800CF40B9 /* Debug */,
				C3DCAF302B1EBF4800CF40B9 /* Release */,
			);
			defaultConfigurationIsVisible = 0;
			defaultConfigurationName = Release;
		};
/* End XCConfigurationList section */
	};
	rootObject = C3DCAF122B1EBF4600CF40B9 /* Project object */;
}
